
Microsoft Visual Studio Solution File, Format Version 12.00
# Visual Studio Version 17
VisualStudioVersion = 17.5.33530.505
MinimumVisualStudioVersion = 10.0.40219.1
Project("{FAE04EC0-301F-11D3-BF4B-00C04F79EFBC}") = "AutoTranslate", "AutoTranslate.csproj", "{12A2E3A6-CBB5-4A62-8531-9A2CD25F12D7}"
EndProject
Global
	GlobalSection(SolutionConfigurationPlatforms) = preSolution
		Debug|Any CPU = Debug|Any CPU
		Release|Any CPU = Release|Any CPU
	EndGlobalSection
	GlobalSection(ProjectConfigurationPlatforms) = postSolution
		{12A2E3A6-CBB5-4A62-8531-9A2CD25F12D7}.Debug|Any CPU.ActiveCfg = Debug|Any CPU
		{12A2E3A6-CBB5-4A62-8531-9A2CD25F12D7}.Debug|Any CPU.Build.0 = Debug|Any CPU
		{12A2E3A6-CBB5-4A62-8531-9A2CD25F12D7}.Release|Any CPU.ActiveCfg = Release|Any CPU
		{12A2E3A6-CBB5-4A62-8531-9A2CD25F12D7}.Release|Any CPU.Build.0 = Release|Any CPU
	EndGlobalSection
	GlobalSection(SolutionProperties) = preSolution
		HideSolutionNode = FALSE
	EndGlobalSection
	GlobalSection(ExtensibilityGlobals) = postSolution
		SolutionGuid = {419F7D59-5A0C-4569-99AA-278F823B208C}
	EndGlobalSection
EndGlobal
